github.com/PatriciaChebet/chirpy-latest-project/database v0.1.1 h1:sMVXrJ3W479hNQjfdQbPSROfhkf/8WxC9hE7W2mjVwY=
github.com/PatriciaChebet/chirpy-latest-project/database v0.1.1/go.mod h1:wjku3xpmbkuF5lvTQJ9vBWJ/YSywmxnd6eDzU37Fr3o=
github.com/PatriciaChebet/chirpy-latest-project/database v0.2.1 h1:8m/KjBm+mE7qMtUel8TBXy9GHy/iRSb3LQlxgwKswiA=
github.com/PatriciaChebet/chirpy-latest-project/database v0.2.1/go.mod h1:wjku3xpmbkuF5lvTQJ9vBWJ/YSywmxnd6eDzU37Fr3o=
github.com/PatriciaChebet/chirpy-latest-project/database v0.3.1 h1:wE92p0gvXOK7P43dOENHM5b5mgvWBJNElxRlxY5H9cc=
github.com/PatriciaChebet/chirpy-latest-project/database v0.3.1/go.mod h1:wjku3xpmbkuF5lvTQJ9vBWJ/YSywmxnd6eDzU37Fr3o=
github.com/PatriciaChebet/chirpy-latest-project/database v0.4.1 h1:/ZK1qst9IsrLfo0r+NL0shAXWMiTXk0ULjSg21NP8Hc=
github.com/PatriciaChebet/chirpy-latest-project/database v0.4.1/go.mod h1:wjku3xpmbkuF5lvTQJ9vBWJ/YSywmxnd6eDzU37Fr3o=
github.com/PatriciaChebet/chirpy-latest-project/database v0.5.1 h1:am/AD12nt0c1QahpRSSMLXgxvQ+d1HFJZDTPSQRbNm8=
github.com/PatriciaChebet/chirpy-latest-project/database v0.5.1/go.mod h1:wjku3xpmbkuF5lvTQJ9vBWJ/YSywmxnd6eDzU37Fr3o=
